{
  "requires": true,
  "lockfileVersion": 1,
  "dependencies": {
    "redux-immer": {
      "version": "1.0.5",
      "resolved": "https://registry.npmjs.org/redux-immer/-/redux-immer-1.0.5.tgz",
      "integrity": "sha512-sjYgK2a7aFm0Mx8dmBZ3jfSjIsWmPqIkVjQQIn7VLiDPMNrphjcAIZ8C3L75LxidkJDolHcj/MSbBVlllO/CXg=="
    }
  }
}
