version = 1
revision = 2
requires-python = ">=3.11"

[[package]]
name = "annotated-types"
version = "0.7.0"
source = { registry = "https://pypi.org/simple" }
sdist = { url = "https://files.pythonhosted.org/packages/ee/67/531ea369ba64dcff5ec9c3402f9f51bf748cec26dde048a2f973a4eea7f5/annotated_types-0.7.0.tar.gz", hash = "sha256:aff07c09a53a08bc8cfccb9c85b05f1aa9a2a6f23728d790723543408344ce89", size = 16081, upload-time = "2024-05-20T21:33:25.928Z" }
wheels = [
    { url = "https://files.pythonhosted.org/packages/78/b6/6307fbef88d9b5ee7421e68d78a9f162e0da4900bc5f5793f6d3d0e34fb8/annotated_types-0.7.0-py3-none-any.whl", hash = "sha256:1f02e8b43a8fbbc3f3e0d4f0f4bfc8131bcb4eebe8849b8e5c773f3a1c582a53", size = 13643, upload-time = "2024-05-20T21:33:24.1Z" },
]

[[package]]
name = "geojson-pydantic"
version = "1.0.2"
source = { registry = "https://pypi.org/simple" }
dependencies = [
    { name = "pydantic" },
]
sdist = { url = "https://files.pythonhosted.org/packages/ee/a5/e1cbfaef7cef4c8fb95b9ba46faedc6dca3b115f44bb95ef4e89c4683756/geojson_pydantic-1.0.2.tar.gz", hash = "sha256:3179d665ad8763670681b73aded2228df20a1164951e9d7075be8f370eb681f4", size = 9180, upload-time = "2024-01-16T18:13:07.259Z" }
wheels = [
    { url = "https://files.pythonhosted.org/packages/b1/d5/75118ba2f51bb5110066d5f8cc50c13b222f6ff6e75b0fc2ec1ee3bd6d48/geojson_pydantic-1.0.2-py3-none-any.whl", hash = "sha256:d7a7f8ff4ca27298f62d1af182f69ec85f9990b9db80fa7e0161be1de2a9ae0f", size = 8588, upload-time = "2024-01-16T18:13:04.026Z" },
]

[[package]]
name = "nodeenv"
version = "1.9.1"
source = { registry = "https://pypi.org/simple" }
sdist = { url = "https://files.pythonhosted.org/packages/43/16/fc88b08840de0e0a72a2f9d8c6bae36be573e475a6326ae854bcc549fc45/nodeenv-1.9.1.tar.gz", hash = "sha256:6ec12890a2dab7946721edbfbcd91f3319c6ccc9aec47be7c7e6b7011ee6645f", size = 47437, upload-time = "2024-06-04T18:44:11.171Z" }
wheels = [
    { url = "https://files.pythonhosted.org/packages/d2/1d/1b658dbd2b9fa9c4c9f32accbfc0205d532c8c6194dc0f2a4c0428e7128a/nodeenv-1.9.1-py2.py3-none-any.whl", hash = "sha256:ba11c9782d29c27c70ffbdda2d7415098754709be8a7056d79a737cd901155c9", size = 22314, upload-time = "2024-06-04T18:44:08.352Z" },
]

[[package]]
name = "osrd-schemas"
version = "0.8.17"
source = { virtual = "." }
dependencies = [
    { name = "geojson-pydantic" },
    { name = "pydantic" },
]

[package.optional-dependencies]
check = [
    { name = "pyright" },
    { name = "ruff" },
]

[package.metadata]
requires-dist = [
    { name = "geojson-pydantic", specifier = "~=1.0.0" },
    { name = "pydantic", specifier = "~=2.6" },
    { name = "pyright", marker = "extra == 'check'", specifier = "~=1.1.393" },
    { name = "ruff", marker = "extra == 'check'", specifier = "~=0.9.5" },
]
provides-extras = ["check"]

[[package]]
name = "pydantic"
version = "2.6.3"
source = { registry = "https://pypi.org/simple" }
dependencies = [
    { name = "annotated-types" },
    { name = "pydantic-core" },
    { name = "typing-extensions" },
]
sdist = { url = "https://files.pythonhosted.org/packages/3c/6c/5d3b1c9615726a69a9a1f992e63f8fd0a2d19ae726c15eb9154fdce48217/pydantic-2.6.3.tar.gz", hash = "sha256:e07805c4c7f5c6826e33a1d4c9d47950d7eaf34868e2690f8594d2e30241f11f", size = 680427, upload-time = "2024-02-27T19:02:00.747Z" }
wheels = [
    { url = "https://files.pythonhosted.org/packages/ac/86/c98520827f58c8753783be4bf2286b4f73a18ac71c93ab597ae1aeb26fc8/pydantic-2.6.3-py3-none-any.whl", hash = "sha256:72c6034df47f46ccdf81869fddb81aade68056003900a8724a4f160700016a2a", size = 395171, upload-time = "2024-02-27T19:01:57.382Z" },
]

[[package]]
name = "pydantic-core"
version = "2.16.3"
source = { registry = "https://pypi.org/simple" }
dependencies = [
    { name = "typing-extensions" },
]
sdist = { url = "https://files.pythonhosted.org/packages/77/3f/65dbe5231946fe02b4e6ea92bc303d2462f45d299890fd5e8bfe4d1c3d66/pydantic_core-2.16.3.tar.gz", hash = "sha256:1cac689f80a3abab2d3c0048b29eea5751114054f032a941a32de4c852c59cad", size = 368930, upload-time = "2024-02-23T13:21:12.898Z" }
wheels = [
    { url = "https://files.pythonhosted.org/packages/8e/c7/d89b2692eaaebadc9aa792a8e22f085b7fc7ed11f4cff791a9572c3fae3f/pydantic_core-2.16.3-cp311-cp311-macosx_10_12_x86_64.whl", hash = "sha256:519ae0312616026bf4cedc0fe459e982734f3ca82ee8c7246c19b650b60a5ee4", size = 1930272, upload-time = "2024-02-23T13:18:36.802Z" },
    { url = "https://files.pythonhosted.org/packages/ff/c7/e14e6ce2fe221d1046a7cc190b26b2bde2b1076d901154cdb8c20d88e6e0/pydantic_core-2.16.3-cp311-cp311-macosx_11_0_arm64.whl", hash = "sha256:b3992a322a5617ded0a9f23fd06dbc1e4bd7cf39bc4ccf344b10f80af58beacd", size = 1739032, upload-time = "2024-02-23T13:18:38.603Z" },
    { url = "https://files.pythonhosted.org/packages/d7/ce/666885ab07e5184825b081095071297057b77c9dccd62616bf5b85a26365/pydantic_core-2.16.3-cp311-cp311-manylinux_2_17_aarch64.manylinux2014_aarch64.whl", hash = "sha256:8d62da299c6ecb04df729e4b5c52dc0d53f4f8430b4492b93aa8de1f541c4aac", size = 1888422, upload-time = "2024-02-23T13:18:40.421Z" },
    { url = "https://files.pythonhosted.org/packages/54/18/7dd9308ad022d0b47b41f5506e179e563e7cf04a04d1574598e756c83b2a/pydantic_core-2.16.3-cp311-cp311-manylinux_2_17_armv7l.manylinux2014_armv7l.whl", hash = "sha256:2acca2be4bb2f2147ada8cac612f8a98fc09f41c89f87add7256ad27332c2fda", size = 1890735, upload-time = "2024-02-23T13:18:42.932Z" },
    { url = "https://files.pythonhosted.org/packages/ce/68/50bfcf8fc9e51a9ca7e914bfcf8902008511e63f9922694474161ed028b9/pydantic_core-2.16.3-cp311-cp311-manylinux_2_17_ppc64le.manylinux2014_ppc64le.whl", hash = "sha256:1b662180108c55dfbf1280d865b2d116633d436cfc0bba82323554873967b340", size = 2061840, upload-time = "2024-02-23T13:18:45.041Z" },
    { url = "https://files.pythonhosted.org/packages/9d/1a/b550381063265588e7c54ff56a642a725ac3bfbb3c8a5a08409ccac1e810/pydantic_core-2.16.3-cp311-cp311-manylinux_2_17_s390x.manylinux2014_s390x.whl", hash = "sha256:e7c6ed0dc9d8e65f24f5824291550139fe6f37fac03788d4580da0d33bc00c97", size = 3208682, upload-time = "2024-02-23T13:18:47.536Z" },
    { url = "https://files.pythonhosted.org/packages/18/0e/1e39cfbffa57e92ab9f1f0869b32ead8a48ab11e4a373421d625f25fcb26/pydantic_core-2.16.3-cp311-cp311-manylinux_2_17_x86_64.manylinux2014_x86_64.whl", hash = "sha256:a6b1bb0827f56654b4437955555dc3aeeebeddc47c2d7ed575477f082622c49e", size = 2158014, upload-time = "2024-02-23T13:18:49.527Z" },
    { url = "https://files.pythonhosted.org/packages/be/31/5f6b46d10f7624963630a38cf3ac97f5d62982000a656aa1976d2f84edbd/pydantic_core-2.16.3-cp311-cp311-manylinux_2_5_i686.manylinux1_i686.whl", hash = "sha256:e56f8186d6210ac7ece503193ec84104da7ceb98f68ce18c07282fcc2452e76f", size = 1966871, upload-time = "2024-02-23T13:18:51.137Z" },
    { url = "https://files.pythonhosted.org/packages/0d/84/5e157e382cf8e2a5854802211ab954662841a82e3d3b9ff1be08b3fd7298/pydantic_core-2.16.3-cp311-cp311-musllinux_1_1_aarch64.whl", hash = "sha256:936e5db01dd49476fa8f4383c259b8b1303d5dd5fb34c97de194560698cc2c5e", size = 2061086, upload-time = "2024-02-23T13:18:53.787Z" },
    { url = "https://files.pythonhosted.org/packages/fe/18/ced020e55c75cfc514957bbe8fefe61d591673098c4385c53bcad183928f/pydantic_core-2.16.3-cp311-cp311-musllinux_1_1_x86_64.whl", hash = "sha256:33809aebac276089b78db106ee692bdc9044710e26f24a9a2eaa35a0f9fa70ba", size = 2201691, upload-time = "2024-02-23T13:18:56.124Z" },
    { url = "https://files.pythonhosted.org/packages/24/4b/10799233b549858bd6a701ef2c849916d600a029d1f57e89c1ac9789486d/pydantic_core-2.16.3-cp311-none-win32.whl", hash = "sha256:ded1c35f15c9dea16ead9bffcde9bb5c7c031bff076355dc58dcb1cb436c4721", size = 1747835, upload-time = "2024-02-23T13:18:58.091Z" },
    { url = "https://files.pythonhosted.org/packages/2d/8a/6b16ba811d1b3499fa550a13913e0b053a15300d53fe1dd891e004c2dbd3/pydantic_core-2.16.3-cp311-none-win_amd64.whl", hash = "sha256:d89ca19cdd0dd5f31606a9329e309d4fcbb3df860960acec32630297d61820df", size = 1880959, upload-time = "2024-02-23T13:19:00.155Z" },
    { url = "https://files.pythonhosted.org/packages/79/14/9df1b494df26b53efd7b80502b2a5ebf497a68653ca316b8c85116b73a27/pydantic_core-2.16.3-cp311-none-win_arm64.whl", hash = "sha256:6162f8d2dc27ba21027f261e4fa26f8bcb3cf9784b7f9499466a311ac284b5b9", size = 1835157, upload-time = "2024-02-23T13:19:02.908Z" },
    { url = "https://files.pythonhosted.org/packages/03/c8/9afd3a316123806d7bff177beba7906ab9dd267845ae42f98f051d2250a0/pydantic_core-2.16.3-cp312-cp312-macosx_10_12_x86_64.whl", hash = "sha256:0f56ae86b60ea987ae8bcd6654a887238fd53d1384f9b222ac457070b7ac4cff", size = 1900858, upload-time = "2024-02-23T13:19:05.441Z" },
    { url = "https://files.pythonhosted.org/packages/e7/b2/b6eef8d0a914e44826785cc99cd7a1711c2eea2dfc69bc3aefc3be507234/pydantic_core-2.16.3-cp312-cp312-macosx_11_0_arm64.whl", hash = "sha256:c9bd22a2a639e26171068f8ebb5400ce2c1bc7d17959f60a3b753ae13c632975", size = 1710501, upload-time = "2024-02-23T13:19:07.407Z" },
    { url = "https://files.pythonhosted.org/packages/3c/82/b79a75a6f5b19f7f43b08671f6b818a335b5d970b9e50a39acd3f07aed32/pydantic_core-2.16.3-cp312-cp312-manylinux_2_17_aarch64.manylinux2014_aarch64.whl", hash = "sha256:4204e773b4b408062960e65468d5346bdfe139247ee5f1ca2a378983e11388a2", size = 1858820, upload-time = "2024-02-23T13:19:09.316Z" },
    { url = "https://files.pythonhosted.org/packages/60/7e/5bdb72aa8f1de0a0e38194dd261b5335747ef8d9bf3421fc960498442830/pydantic_core-2.16.3-cp312-cp312-manylinux_2_17_armv7l.manylinux2014_armv7l.whl", hash = "sha256:f651dd19363c632f4abe3480a7c87a9773be27cfe1341aef06e8759599454120", size = 1851491, upload-time = "2024-02-23T13:19:11.066Z" },
    { url = "https://files.pythonhosted.org/packages/d7/d9/b3d217a092bf23b143e59a691d61598c308386293c310ff6746a0c8ed6a5/pydantic_core-2.16.3-cp312-cp312-manylinux_2_17_ppc64le.manylinux2014_ppc64le.whl", hash = "sha256:aaf09e615a0bf98d406657e0008e4a8701b11481840be7d31755dc9f97c44053", size = 2046483, upload-time = "2024-02-23T13:19:13.326Z" },
    { url = "https://files.pythonhosted.org/packages/54/c0/7ecafb2dad658078bf28e4045a29a7b2de76319ebbc8cf7ef177d17e4d9e/pydantic_core-2.16.3-cp312-cp312-manylinux_2_17_s390x.manylinux2014_s390x.whl", hash = "sha256:8e47755d8152c1ab5b55928ab422a76e2e7b22b5ed8e90a7d584268dd49e9c6b", size = 2937056, upload-time = "2024-02-23T13:19:15.256Z" },
    { url = "https://files.pythonhosted.org/packages/dc/df/cd1cdd79a307c06fbea11be2cd8f361604b82f9b28c7712bd1220c44f226/pydantic_core-2.16.3-cp312-cp312-manylinux_2_17_x86_64.manylinux2014_x86_64.whl", hash = "sha256:500960cb3a0543a724a81ba859da816e8cf01b0e6aaeedf2c3775d12ee49cade", size = 2156558, upload-time = "2024-02-23T13:19:17.068Z" },
    { url = "https://files.pythonhosted.org/packages/7c/6e/3c188b11eef09d15702f3808bf6d0b2828a4268fb4be19ac7a2ef4f6a8c7/pydantic_core-2.16.3-cp312-cp312-manylinux_2_5_i686.manylinux1_i686.whl", hash = "sha256:cf6204fe865da605285c34cf1172879d0314ff267b1c35ff59de7154f35fdc2e", size = 1926070, upload-time = "2024-02-23T13:19:18.786Z" },
    { url = "https://files.pythonhosted.org/packages/46/28/cb10d96904bd7483a6237855e427876e72c369ec100d6c946d468257bbb8/pydantic_core-2.16.3-cp312-cp312-musllinux_1_1_aarch64.whl", hash = "sha256:d33dd21f572545649f90c38c227cc8631268ba25c460b5569abebdd0ec5974ca", size = 2034580, upload-time = "2024-02-23T13:19:20.72Z" },
    { url = "https://files.pythonhosted.org/packages/af/9b/3eb4c9dc8712543424b1731c44d3597f56ed4be3bdfbec3f9a45111b774a/pydantic_core-2.16.3-cp312-cp312-musllinux_1_1_x86_64.whl", hash = "sha256:49d5d58abd4b83fb8ce763be7794d09b2f50f10aa65c0f0c1696c677edeb7cbf", size = 2167261, upload-time = "2024-02-23T13:19:22.702Z" },
    { url = "https://files.pythonhosted.org/packages/d5/a2/e320fd95c61c7420908b318a74f76f562a8434180c3e60fa880b3c2d4338/pydantic_core-2.16.3-cp312-none-win32.whl", hash = "sha256:f53aace168a2a10582e570b7736cc5bef12cae9cf21775e3eafac597e8551fbe", size = 1755601, upload-time = "2024-02-23T13:19:25.036Z" },
    { url = "https://files.pythonhosted.org/packages/21/58/88e734fd2e5bd894e3eccd41be3169b8292e820ef82337f17ec4291c0668/pydantic_core-2.16.3-cp312-none-win_amd64.whl", hash = "sha256:0d32576b1de5a30d9a97f300cc6a3f4694c428d956adbc7e6e2f9cad279e45ed", size = 1867737, upload-time = "2024-02-23T13:19:27.785Z" },
    { url = "https://files.pythonhosted.org/packages/42/cb/c44678e6f3b517bd89beebc2bd0afc440674b9820d008ef3d0fac482476a/pydantic_core-2.16.3-cp312-none-win_arm64.whl", hash = "sha256:ec08be75bb268473677edb83ba71e7e74b43c008e4a7b1907c6d57e940bf34b6", size = 1848305, upload-time = "2024-02-23T13:19:29.998Z" },
]

[[package]]
name = "pyright"
version = "1.1.393"
source = { registry = "https://pypi.org/simple" }
dependencies = [
    { name = "nodeenv" },
    { name = "typing-extensions" },
]
sdist = { url = "https://files.pythonhosted.org/packages/f4/c1/aede6c74e664ab103673e4f1b7fd3d058fef32276be5c43572f4067d4a8e/pyright-1.1.393.tar.gz", hash = "sha256:aeeb7ff4e0364775ef416a80111613f91a05c8e01e58ecfefc370ca0db7aed9c", size = 3790430, upload-time = "2025-01-29T10:34:59.203Z" }
wheels = [
    { url = "https://files.pythonhosted.org/packages/92/47/f0dd0f8afce13d92e406421ecac6df0990daee84335fc36717678577d3e0/pyright-1.1.393-py3-none-any.whl", hash = "sha256:8320629bb7a44ca90944ba599390162bf59307f3d9fb6e27da3b7011b8c17ae5", size = 5646057, upload-time = "2025-01-29T10:34:53.576Z" },
]

[[package]]
name = "ruff"
version = "0.9.10"
source = { registry = "https://pypi.org/simple" }
sdist = { url = "https://files.pythonhosted.org/packages/20/8e/fafaa6f15c332e73425d9c44ada85360501045d5ab0b81400076aff27cf6/ruff-0.9.10.tar.gz", hash = "sha256:9bacb735d7bada9cfb0f2c227d3658fc443d90a727b47f206fb33f52f3c0eac7", size = 3759776, upload-time = "2025-03-07T15:27:44.363Z" }
wheels = [
    { url = "https://files.pythonhosted.org/packages/73/b2/af7c2cc9e438cbc19fafeec4f20bfcd72165460fe75b2b6e9a0958c8c62b/ruff-0.9.10-py3-none-linux_armv6l.whl", hash = "sha256:eb4d25532cfd9fe461acc83498361ec2e2252795b4f40b17e80692814329e42d", size = 10049494, upload-time = "2025-03-07T15:26:51.268Z" },
    { url = "https://files.pythonhosted.org/packages/6d/12/03f6dfa1b95ddd47e6969f0225d60d9d7437c91938a310835feb27927ca0/ruff-0.9.10-py3-none-macosx_10_12_x86_64.whl", hash = "sha256:188a6638dab1aa9bb6228a7302387b2c9954e455fb25d6b4470cb0641d16759d", size = 10853584, upload-time = "2025-03-07T15:26:56.104Z" },
    { url = "https://files.pythonhosted.org/packages/02/49/1c79e0906b6ff551fb0894168763f705bf980864739572b2815ecd3c9df0/ruff-0.9.10-py3-none-macosx_11_0_arm64.whl", hash = "sha256:5284dcac6b9dbc2fcb71fdfc26a217b2ca4ede6ccd57476f52a587451ebe450d", size = 10155692, upload-time = "2025-03-07T15:27:01.385Z" },
    { url = "https://files.pythonhosted.org/packages/5b/01/85e8082e41585e0e1ceb11e41c054e9e36fed45f4b210991052d8a75089f/ruff-0.9.10-py3-none-manylinux_2_17_aarch64.manylinux2014_aarch64.whl", hash = "sha256:47678f39fa2a3da62724851107f438c8229a3470f533894b5568a39b40029c0c", size = 10369760, upload-time = "2025-03-07T15:27:04.023Z" },
    { url = "https://files.pythonhosted.org/packages/a1/90/0bc60bd4e5db051f12445046d0c85cc2c617095c0904f1aa81067dc64aea/ruff-0.9.10-py3-none-manylinux_2_17_armv7l.manylinux2014_armv7l.whl", hash = "sha256:99713a6e2766b7a17147b309e8c915b32b07a25c9efd12ada79f217c9c778b3e", size = 9912196, upload-time = "2025-03-07T15:27:06.93Z" },
    { url = "https://files.pythonhosted.org/packages/66/ea/0b7e8c42b1ec608033c4d5a02939c82097ddcb0b3e393e4238584b7054ab/ruff-0.9.10-py3-none-manylinux_2_17_i686.manylinux2014_i686.whl", hash = "sha256:524ee184d92f7c7304aa568e2db20f50c32d1d0caa235d8ddf10497566ea1a12", size = 11434985, upload-time = "2025-03-07T15:27:10.082Z" },
    { url = "https://files.pythonhosted.org/packages/d5/86/3171d1eff893db4f91755175a6e1163c5887be1f1e2f4f6c0c59527c2bfd/ruff-0.9.10-py3-none-manylinux_2_17_ppc64.manylinux2014_ppc64.whl", hash = "sha256:df92aeac30af821f9acf819fc01b4afc3dfb829d2782884f8739fb52a8119a16", size = 12155842, upload-time = "2025-03-07T15:27:12.727Z" },
    { url = "https://files.pythonhosted.org/packages/89/9e/700ca289f172a38eb0bca752056d0a42637fa17b81649b9331786cb791d7/ruff-0.9.10-py3-none-manylinux_2_17_ppc64le.manylinux2014_ppc64le.whl", hash = "sha256:de42e4edc296f520bb84954eb992a07a0ec5a02fecb834498415908469854a52", size = 11613804, upload-time = "2025-03-07T15:27:15.944Z" },
    { url = "https://files.pythonhosted.org/packages/f2/92/648020b3b5db180f41a931a68b1c8575cca3e63cec86fd26807422a0dbad/ruff-0.9.10-py3-none-manylinux_2_17_s390x.manylinux2014_s390x.whl", hash = "sha256:d257f95b65806104b6b1ffca0ea53f4ef98454036df65b1eda3693534813ecd1", size = 13823776, upload-time = "2025-03-07T15:27:18.996Z" },
    { url = "https://files.pythonhosted.org/packages/5e/a6/cc472161cd04d30a09d5c90698696b70c169eeba2c41030344194242db45/ruff-0.9.10-py3-none-manylinux_2_17_x86_64.manylinux2014_x86_64.whl", hash = "sha256:b60dec7201c0b10d6d11be00e8f2dbb6f40ef1828ee75ed739923799513db24c", size = 11302673, upload-time = "2025-03-07T15:27:21.655Z" },
    { url = "https://files.pythonhosted.org/packages/6c/db/d31c361c4025b1b9102b4d032c70a69adb9ee6fde093f6c3bf29f831c85c/ruff-0.9.10-py3-none-musllinux_1_2_aarch64.whl", hash = "sha256:d838b60007da7a39c046fcdd317293d10b845001f38bcb55ba766c3875b01e43", size = 10235358, upload-time = "2025-03-07T15:27:24.72Z" },
    { url = "https://files.pythonhosted.org/packages/d1/86/d6374e24a14d4d93ebe120f45edd82ad7dcf3ef999ffc92b197d81cdc2a5/ruff-0.9.10-py3-none-musllinux_1_2_armv7l.whl", hash = "sha256:ccaf903108b899beb8e09a63ffae5869057ab649c1e9231c05ae354ebc62066c", size = 9886177, upload-time = "2025-03-07T15:27:27.282Z" },
    { url = "https://files.pythonhosted.org/packages/00/62/a61691f6eaaac1e945a1f3f59f1eea9a218513139d5b6c2b8f88b43b5b8f/ruff-0.9.10-py3-none-musllinux_1_2_i686.whl", hash = "sha256:f9567d135265d46e59d62dc60c0bfad10e9a6822e231f5b24032dba5a55be6b5", size = 10864747, upload-time = "2025-03-07T15:27:30.637Z" },
    { url = "https://files.pythonhosted.org/packages/ee/94/2c7065e1d92a8a8a46d46d9c3cf07b0aa7e0a1e0153d74baa5e6620b4102/ruff-0.9.10-py3-none-musllinux_1_2_x86_64.whl", hash = "sha256:5f202f0d93738c28a89f8ed9eaba01b7be339e5d8d642c994347eaa81c6d75b8", size = 11360441, upload-time = "2025-03-07T15:27:33.356Z" },
    { url = "https://files.pythonhosted.org/packages/a7/8f/1f545ea6f9fcd7bf4368551fb91d2064d8f0577b3079bb3f0ae5779fb773/ruff-0.9.10-py3-none-win32.whl", hash = "sha256:bfb834e87c916521ce46b1788fbb8484966e5113c02df216680102e9eb960029", size = 10247401, upload-time = "2025-03-07T15:27:35.994Z" },
    { url = "https://files.pythonhosted.org/packages/4f/18/fb703603ab108e5c165f52f5b86ee2aa9be43bb781703ec87c66a5f5d604/ruff-0.9.10-py3-none-win_amd64.whl", hash = "sha256:f2160eeef3031bf4b17df74e307d4c5fb689a6f3a26a2de3f7ef4044e3c484f1", size = 11366360, upload-time = "2025-03-07T15:27:38.66Z" },
    { url = "https://files.pythonhosted.org/packages/35/85/338e603dc68e7d9994d5d84f24adbf69bae760ba5efd3e20f5ff2cec18da/ruff-0.9.10-py3-none-win_arm64.whl", hash = "sha256:5fd804c0327a5e5ea26615550e706942f348b197d5475ff34c19733aee4b2e69", size = 10436892, upload-time = "2025-03-07T15:27:41.687Z" },
]

[[package]]
name = "typing-extensions"
version = "4.12.2"
source = { registry = "https://pypi.org/simple" }
sdist = { url = "https://files.pythonhosted.org/packages/df/db/f35a00659bc03fec321ba8bce9420de607a1d37f8342eee1863174c69557/typing_extensions-4.12.2.tar.gz", hash = "sha256:1a7ead55c7e559dd4dee8856e3a88b41225abfe1ce8df57b7c13915fe121ffb8", size = 85321, upload-time = "2024-06-07T18:52:15.995Z" }
wheels = [
    { url = "https://files.pythonhosted.org/packages/26/9f/ad63fc0248c5379346306f8668cda6e2e2e9c95e01216d2b8ffd9ff037d0/typing_extensions-4.12.2-py3-none-any.whl", hash = "sha256:04e5ca0351e0f3f85c6853954072df659d0d13fac324d0072316b67d7794700d", size = 37438, upload-time = "2024-06-07T18:52:13.582Z" },
]
